{
  "name": "elemer-net",
  "version": "1.0.0",
  "lockfileVersion": 3,
  "requires": true,
  "packages": {
    "": {
      "name": "elemer-net",
      "devDependencies": {
        "@huacnlee/autocorrect": "^2.16.2"
      }
    },
    "node_modules/@huacnlee/autocorrect": {
      "version": "2.16.2",
      "resolved": "https://registry.npmjs.org/@huacnlee/autocorrect/-/autocorrect-2.16.2.tgz",
      "integrity": "sha512-biXuVuT5rUN8zm1FZzdiTPIOCpXfNrJitx6fk8monhkr0dpcwWh3GKTW9oTdqFu6mUOekY2HQbCJWIg4qE7Amg==",
      "dev": true
    }
  }
}
